
Microsoft Visual Studio Solution File, Format Version 10.00
# Visual Studio 2008
Project("{8BC9CEB8-8B4A-11D0-8D11-00A0C91BC942}") = "行为树", "行为树\行为树.vcproj", "{8FB20319-DBB7-4A23-A722-53F32F8D0F55}"
EndProject
Global
	GlobalSection(SolutionConfigurationPlatforms) = preSolution
		Debug|Win32 = Debug|Win32
		Release|Win32 = Release|Win32
	EndGlobalSection
	GlobalSection(ProjectConfigurationPlatforms) = postSolution
		{8FB20319-DBB7-4A23-A722-53F32F8D0F55}.Debug|Win32.ActiveCfg = Debug|Win32
		{8FB20319-DBB7-4A23-A722-53F32F8D0F55}.Debug|Win32.Build.0 = Debug|Win32
		{8FB20319-DBB7-4A23-A722-53F32F8D0F55}.Release|Win32.ActiveCfg = Release|Win32
		{8FB20319-DBB7-4A23-A722-53F32F8D0F55}.Release|Win32.Build.0 = Release|Win32
	EndGlobalSection
	GlobalSection(SolutionProperties) = preSolution
		HideSolutionNode = FALSE
	EndGlobalSection
EndGlobal
